// !$*UTF8*$!
{
	archiveVersion = 1;
	classes = {
	};
	objectVersion = 50;
	objects = {

/* Begin PBXBuildFile section */
		B60434A6229997B900DB22F1 /* CacheSet.cpp in Sources */ = {isa = PBXBuildFile; fileRef = B604349D229997B800DB22F1 /* CacheSet.cpp */; };
		B60434A7229997B900DB22F1 /* Answer.cpp in Sources */ = {isa = PBXBuildFile; fileRef = B604349F229997B800DB22F1 /* Answer.cpp */; };
		B60434A8229997B900DB22F1 /* CacheBlock.cpp in Sources */ = {isa = PBXBuildFile; fileRef = B60434A1229997B900DB22F1 /* CacheBlock.cpp */; };
		B60434A9229997B900DB22F1 /* Cache.cpp in Sources */ = {isa = PBXBuildFile; fileRef = B60434A2229997B900DB22F1 /* Cache.cpp */; };
		B60434AA229997B900DB22F1 /* main.cpp in Sources */ = {isa = PBXBuildFile; fileRef = B60434A4229997B900DB22F1 /* main.cpp */; };
		B60434AB229997B900DB22F1 /* MissType.cpp in Sources */ = {isa = PBXBuildFile; fileRef = B60434A5229997B900DB22F1 /* MissType.cpp */; };
		B6B4393E229B07C5005E1530 /* CacheTxtGenerator.cpp in Sources */ = {isa = PBXBuildFile; fileRef = B6B4393C229B07C5005E1530 /* CacheTxtGenerator.cpp */; };
		B6B43943229B29AE005E1530 /* AddressList.cpp in Sources */ = {isa = PBXBuildFile; fileRef = B6B43941229B29AE005E1530 /* AddressList.cpp */; };
		B6B43946229B2A2C005E1530 /* Address.cpp in Sources */ = {isa = PBXBuildFile; fileRef = B6B43944229B2A2C005E1530 /* Address.cpp */; };
		B6B4394B229B4070005E1530 /* AnswerList.cpp in Sources */ = {isa = PBXBuildFile; fileRef = B6B43949229B4070005E1530 /* AnswerList.cpp */; };
/* End PBXBuildFile section */

/* Begin PBXCopyFilesBuildPhase section */
		B604348D2294A4B500DB22F1 /* CopyFiles */ = {
			isa = PBXCopyFilesBuildPhase;
			buildActionMask = 2147483647;
			dstPath = /usr/share/man/man1/;
			dstSubfolderSpec = 0;
			files = (
			);
			runOnlyForDeploymentPostprocessing = 1;
		};
/* End PBXCopyFilesBuildPhase section */

/* Begin PBXFileReference section */
		B604348F2294A4B500DB22F1 /* CacheSim */ = {isa = PBXFileReference; explicitFileType = "compiled.mach-o.executable"; includeInIndex = 0; path = CacheSim; sourceTree = BUILT_PRODUCTS_DIR; };
		B604349B229997B800DB22F1 /* MissType.h */ = {isa = PBXFileReference; fileEncoding = 4; lastKnownFileType = sourcecode.c.h; path = MissType.h; sourceTree = "<group>"; };
		B604349C229997B800DB22F1 /* Answer.h */ = {isa = PBXFileReference; fileEncoding = 4; lastKnownFileType = sourcecode.c.h; path = Answer.h; sourceTree = "<group>"; };
		B604349D229997B800DB22F1 /* CacheSet.cpp */ = {isa = PBXFileReference; fileEncoding = 4; lastKnownFileType = sourcecode.cpp.cpp; path = CacheSet.cpp; sourceTree = "<group>"; };
		B604349E229997B800DB22F1 /* CacheSet.h */ = {isa = PBXFileReference; fileEncoding = 4; lastKnownFileType = sourcecode.c.h; path = CacheSet.h; sourceTree = "<group>"; };
		B604349F229997B800DB22F1 /* Answer.cpp */ = {isa = PBXFileReference; fileEncoding = 4; lastKnownFileType = sourcecode.cpp.cpp; path = Answer.cpp; sourceTree = "<group>"; };
		B60434A0229997B900DB22F1 /* CacheBlock.h */ = {isa = PBXFileReference; fileEncoding = 4; lastKnownFileType = sourcecode.c.h; path = CacheBlock.h; sourceTree = "<group>"; };
		B60434A1229997B900DB22F1 /* CacheBlock.cpp */ = {isa = PBXFileReference; fileEncoding = 4; lastKnownFileType = sourcecode.cpp.cpp; path = CacheBlock.cpp; sourceTree = "<group>"; };
		B60434A2229997B900DB22F1 /* Cache.cpp */ = {isa = PBXFileReference; fileEncoding = 4; lastKnownFileType = sourcecode.cpp.cpp; path = Cache.cpp; sourceTree = "<group>"; };
		B60434A3229997B900DB22F1 /* Cache.h */ = {isa = PBXFileReference; fileEncoding = 4; lastKnownFileType = sourcecode.c.h; path = Cache.h; sourceTree = "<group>"; };
		B60434A4229997B900DB22F1 /* main.cpp */ = {isa = PBXFileReference; fileEncoding = 4; lastKnownFileType = sourcecode.cpp.cpp; path = main.cpp; sourceTree = "<group>"; };
		B60434A5229997B900DB22F1 /* MissType.cpp */ = {isa = PBXFileReference; fileEncoding = 4; lastKnownFileType = sourcecode.cpp.cpp; path = MissType.cpp; sourceTree = "<group>"; };
		B6B4393C229B07C5005E1530 /* CacheTxtGenerator.cpp */ = {isa = PBXFileReference; lastKnownFileType = sourcecode.cpp.cpp; path = CacheTxtGenerator.cpp; sourceTree = "<group>"; };
		B6B4393D229B07C5005E1530 /* CacheTxtGenerator.h */ = {isa = PBXFileReference; lastKnownFileType = sourcecode.c.h; path = CacheTxtGenerator.h; sourceTree = "<group>"; };
		B6B43941229B29AE005E1530 /* AddressList.cpp */ = {isa = PBXFileReference; lastKnownFileType = sourcecode.cpp.cpp; path = AddressList.cpp; sourceTree = "<group>"; };
		B6B43942229B29AE005E1530 /* AddressList.h */ = {isa = PBXFileReference; lastKnownFileType = sourcecode.c.h; path = AddressList.h; sourceTree = "<group>"; };
		B6B43944229B2A2C005E1530 /* Address.cpp */ = {isa = PBXFileReference; lastKnownFileType = sourcecode.cpp.cpp; path = Address.cpp; sourceTree = "<group>"; };
		B6B43945229B2A2C005E1530 /* Address.h */ = {isa = PBXFileReference; lastKnownFileType = sourcecode.c.h; path = Address.h; sourceTree = "<group>"; };
		B6B43949229B4070005E1530 /* AnswerList.cpp */ = {isa = PBXFileReference; lastKnownFileType = sourcecode.cpp.cpp; path = AnswerList.cpp; sourceTree = "<group>"; };
		B6B4394A229B4070005E1530 /* AnswerList.h */ = {isa = PBXFileReference; lastKnownFileType = sourcecode.c.h; path = AnswerList.h; sourceTree = "<group>"; };
/* End PBXFileReference section */

/* Begin PBXFrameworksBuildPhase section */
		B604348C2294A4B500DB22F1 /* Frameworks */ = {
			isa = PBXFrameworksBuildPhase;
			buildActionMask = 2147483647;
			files = (
			);
			runOnlyForDeploymentPostprocessing = 0;
		};
/* End PBXFrameworksBuildPhase section */

/* Begin PBXGroup section */
		B60434862294A4B500DB22F1 = {
			isa = PBXGroup;
			children = (
				B60434912294A4B500DB22F1 /* CacheSim */,
				B60434902294A4B500DB22F1 /* Products */,
			);
			sourceTree = "<group>";
		};
		B60434902294A4B500DB22F1 /* Products */ = {
			isa = PBXGroup;
			children = (
				B604348F2294A4B500DB22F1 /* CacheSim */,
			);
			name = Products;
			sourceTree = "<group>";
		};
		B60434912294A4B500DB22F1 /* CacheSim */ = {
			isa = PBXGroup;
			children = (
				B6B43947229B2BD6005E1530 /* Cpp */,
				B6B43948229B2BF3005E1530 /* Header */,
			);
			path = CacheSim;
			sourceTree = "<group>";
		};
		B6B43947229B2BD6005E1530 /* Cpp */ = {
			isa = PBXGroup;
			children = (
				B6B43944229B2A2C005E1530 /* Address.cpp */,
				B6B43941229B29AE005E1530 /* AddressList.cpp */,
				B604349F229997B800DB22F1 /* Answer.cpp */,
				B6B43949229B4070005E1530 /* AnswerList.cpp */,
				B60434A2229997B900DB22F1 /* Cache.cpp */,
				B60434A1229997B900DB22F1 /* CacheBlock.cpp */,
				B604349D229997B800DB22F1 /* CacheSet.cpp */,
				B6B4393C229B07C5005E1530 /* CacheTxtGenerator.cpp */,
				B60434A4229997B900DB22F1 /* main.cpp */,
				B60434A5229997B900DB22F1 /* MissType.cpp */,
			);
			name = Cpp;
			sourceTree = "<group>";
		};
		B6B43948229B2BF3005E1530 /* Header */ = {
			isa = PBXGroup;
			children = (
				B6B43945229B2A2C005E1530 /* Address.h */,
				B6B43942229B29AE005E1530 /* AddressList.h */,
				B604349C229997B800DB22F1 /* Answer.h */,
				B6B4394A229B4070005E1530 /* AnswerList.h */,
				B60434A3229997B900DB22F1 /* Cache.h */,
				B60434A0229997B900DB22F1 /* CacheBlock.h */,
				B604349E229997B800DB22F1 /* CacheSet.h */,
				B6B4393D229B07C5005E1530 /* CacheTxtGenerator.h */,
				B604349B229997B800DB22F1 /* MissType.h */,
			);
			name = Header;
			sourceTree = "<group>";
		};
/* End PBXGroup section */

/* Begin PBXNativeTarget section */
		B604348E2294A4B500DB22F1 /* CacheSim */ = {
			isa = PBXNativeTarget;
			buildConfigurationList = B60434962294A4B500DB22F1 /* Build configuration list for PBXNativeTarget "CacheSim" */;
			buildPhases = (
				B604348B2294A4B500DB22F1 /* Sources */,
				B604348C2294A4B500DB22F1 /* Frameworks */,
				B604348D2294A4B500DB22F1 /* CopyFiles */,
			);
			buildRules = (
			);
			dependencies = (
			);
			name = CacheSim;
			productName = CacheSim;
			productReference = B604348F2294A4B500DB22F1 /* CacheSim */;
			productType = "com.apple.product-type.tool";
		};
/* End PBXNativeTarget section */

/* Begin PBXProject section */
		B60434872294A4B500DB22F1 /* Project object */ = {
			isa = PBXProject;
			attributes = {
				LastUpgradeCheck = 1020;
				ORGANIZATIONNAME = "Douglas Schiavi";
				TargetAttributes = {
					B604348E2294A4B500DB22F1 = {
						CreatedOnToolsVersion = 10.2.1;
					};
				};
			};
			buildConfigurationList = B604348A2294A4B500DB22F1 /* Build configuration list for PBXProject "CacheSim" */;
			compatibilityVersion = "Xcode 9.3";
			developmentRegion = en;
			hasScannedForEncodings = 0;
			knownRegions = (
				en,
			);
			mainGroup = B60434862294A4B500DB22F1;
			productRefGroup = B60434902294A4B500DB22F1 /* Products */;
			projectDirPath = "";
			projectRoot = "";
			targets = (
				B604348E2294A4B500DB22F1 /* CacheSim */,
			);
		};
/* End PBXProject section */

/* Begin PBXSourcesBuildPhase section */
		B604348B2294A4B500DB22F1 /* Sources */ = {
			isa = PBXSourcesBuildPhase;
			buildActionMask = 2147483647;
			files = (
				B60434A6229997B900DB22F1 /* CacheSet.cpp in Sources */,
				B6B43946229B2A2C005E1530 /* Address.cpp in Sources */,
				B6B4393E229B07C5005E1530 /* CacheTxtGenerator.cpp in Sources */,
				B6B43943229B29AE005E1530 /* AddressList.cpp in Sources */,
				B60434AB229997B900DB22F1 /* MissType.cpp in Sources */,
				B60434A7229997B900DB22F1 /* Answer.cpp in Sources */,
				B60434A9229997B900DB22F1 /* Cache.cpp in Sources */,
				B6B4394B229B4070005E1530 /* AnswerList.cpp in Sources */,
				B60434AA229997B900DB22F1 /* main.cpp in Sources */,
				B60434A8229997B900DB22F1 /* CacheBlock.cpp in Sources */,
			);
			runOnlyForDeploymentPostprocessing = 0;
		};
/* End PBXSourcesBuildPhase section */

/* Begin XCBuildConfiguration section */
		B60434942294A4B500DB22F1 /* Debug */ = {
			isa = XCBuildConfiguration;
			buildSettings = {
				ALWAYS_SEARCH_USER_PATHS = NO;
				CLANG_ANALYZER_NONNULL = YES;
				CLANG_ANALYZER_NUMBER_OBJECT_CONVERSION = YES_AGGRESSIVE;
				CLANG_CXX_LANGUAGE_STANDARD = "gnu++14";
				CLANG_CXX_LIBRARY = "libc++";
				CLANG_ENABLE_MODULES = YES;
				CLANG_ENABLE_OBJC_ARC = YES;
				CLANG_ENABLE_OBJC_WEAK = YES;
				CLANG_WARN_BLOCK_CAPTURE_AUTORELEASING = YES;
				CLANG_WARN_BOOL_CONVERSION = YES;
				CLANG_WARN_COMMA = YES;
				CLANG_WARN_CONSTANT_CONVERSION = YES;
				CLANG_WARN_DEPRECATED_OBJC_IMPLEMENTATIONS = YES;
				CLANG_WARN_DIRECT_OBJC_ISA_USAGE = YES_ERROR;
				CLANG_WARN_DOCUMENTATION_COMMENTS = YES;
				CLANG_WARN_EMPTY_BODY = YES;
				CLANG_WARN_ENUM_CONVERSION = YES;
				CLANG_WARN_INFINITE_RECURSION = YES;
				CLANG_WARN_INT_CONVERSION = YES;
				CLANG_WARN_NON_LITERAL_NULL_CONVERSION = YES;
				CLANG_WARN_OBJC_IMPLICIT_RETAIN_SELF = YES;
				CLANG_WARN_OBJC_LITERAL_CONVERSION = YES;
				CLANG_WARN_OBJC_ROOT_CLASS = YES_ERROR;
				CLANG_WARN_RANGE_LOOP_ANALYSIS = YES;
				CLANG_WARN_STRICT_PROTOTYPES = YES;
				CLANG_WARN_SUSPICIOUS_MOVE = YES;
				CLANG_WARN_UNGUARDED_AVAILABILITY = YES_AGGRESSIVE;
				CLANG_WARN_UNREACHABLE_CODE = YES;
				CLANG_WARN__DUPLICATE_METHOD_MATCH = YES;
				CODE_SIGN_IDENTITY = "Mac Developer";
				COPY_PHASE_STRIP = NO;
				DEBUG_INFORMATION_FORMAT = dwarf;
				ENABLE_STRICT_OBJC_MSGSEND = YES;
				ENABLE_TESTABILITY = YES;
				GCC_C_LANGUAGE_STANDARD = gnu11;
				GCC_DYNAMIC_NO_PIC = NO;
				GCC_NO_COMMON_BLOCKS = YES;
				GCC_OPTIMIZATION_LEVEL = 0;
				GCC_PREPROCESSOR_DEFINITIONS = (
					"DEBUG=1",
					"$(inherited)",
				);
				GCC_WARN_64_TO_32_BIT_CONVERSION = YES;
				GCC_WARN_ABOUT_RETURN_TYPE = YES_ERROR;
				GCC_WARN_UNDECLARED_SELECTOR = YES;
				GCC_WARN_UNINITIALIZED_AUTOS = YES_AGGRESSIVE;
				GCC_WARN_UNUSED_FUNCTION = YES;
				GCC_WARN_UNUSED_VARIABLE = YES;
				MACOSX_DEPLOYMENT_TARGET = 10.14;
				MTL_ENABLE_DEBUG_INFO = INCLUDE_SOURCE;
				MTL_FAST_MATH = YES;
				ONLY_ACTIVE_ARCH = YES;
				SDKROOT = macosx;
			};
			name = Debug;
		};
		B60434952294A4B500DB22F1 /* Release */ = {
			isa = XCBuildConfiguration;
			buildSettings = {
				ALWAYS_SEARCH_USER_PATHS = NO;
				CLANG_ANALYZER_NONNULL = YES;
				CLANG_ANALYZER_NUMBER_OBJECT_CONVERSION = YES_AGGRESSIVE;
				CLANG_CXX_LANGUAGE_STANDARD = "gnu++14";
				CLANG_CXX_LIBRARY = "libc++";
				CLANG_ENABLE_MODULES = YES;
				CLANG_ENABLE_OBJC_ARC = YES;
				CLANG_ENABLE_OBJC_WEAK = YES;
				CLANG_WARN_BLOCK_CAPTURE_AUTORELEASING = YES;
				CLANG_WARN_BOOL_CONVERSION = YES;
				CLANG_WARN_COMMA = YES;
				CLANG_WARN_CONSTANT_CONVERSION = YES;
				CLANG_WARN_DEPRECATED_OBJC_IMPLEMENTATIONS = YES;
				CLANG_WARN_DIRECT_OBJC_ISA_USAGE = YES_ERROR;
				CLANG_WARN_DOCUMENTATION_COMMENTS = YES;
				CLANG_WARN_EMPTY_BODY = YES;
				CLANG_WARN_ENUM_CONVERSION = YES;
				CLANG_WARN_INFINITE_RECURSION = YES;
				CLANG_WARN_INT_CONVERSION = YES;
				CLANG_WARN_NON_LITERAL_NULL_CONVERSION = YES;
				CLANG_WARN_OBJC_IMPLICIT_RETAIN_SELF = YES;
				CLANG_WARN_OBJC_LITERAL_CONVERSION = YES;
				CLANG_WARN_OBJC_ROOT_CLASS = YES_ERROR;
				CLANG_WARN_RANGE_LOOP_ANALYSIS = YES;
				CLANG_WARN_STRICT_PROTOTYPES = YES;
				CLANG_WARN_SUSPICIOUS_MOVE = YES;
				CLANG_WARN_UNGUARDED_AVAILABILITY = YES_AGGRESSIVE;
				CLANG_WARN_UNREACHABLE_CODE = YES;
				CLANG_WARN__DUPLICATE_METHOD_MATCH = YES;
				CODE_SIGN_IDENTITY = "Mac Developer";
				COPY_PHASE_STRIP = NO;
				DEBUG_INFORMATION_FORMAT = "dwarf-with-dsym";
				ENABLE_NS_ASSERTIONS = NO;
				ENABLE_STRICT_OBJC_MSGSEND = YES;
				GCC_C_LANGUAGE_STANDARD = gnu11;
				GCC_NO_COMMON_BLOCKS = YES;
				GCC_WARN_64_TO_32_BIT_CONVERSION = YES;
				GCC_WARN_ABOUT_RETURN_TYPE = YES_ERROR;
				GCC_WARN_UNDECLARED_SELECTOR = YES;
				GCC_WARN_UNINITIALIZED_AUTOS = YES_AGGRESSIVE;
				GCC_WARN_UNUSED_FUNCTION = YES;
				GCC_WARN_UNUSED_VARIABLE = YES;
				MACOSX_DEPLOYMENT_TARGET = 10.14;
				MTL_ENABLE_DEBUG_INFO = NO;
				MTL_FAST_MATH = YES;
				SDKROOT = macosx;
			};
			name = Release;
		};
		B60434972294A4B500DB22F1 /* Debug */ = {
			isa = XCBuildConfiguration;
			buildSettings = {
				CODE_SIGN_STYLE = Automatic;
				DEVELOPMENT_TEAM = 792V77RLPU;
				PRODUCT_NAME = "$(TARGET_NAME)";
			};
			name = Debug;
		};
		B60434982294A4B500DB22F1 /* Release */ = {
			isa = XCBuildConfiguration;
			buildSettings = {
				CODE_SIGN_STYLE = Automatic;
				DEVELOPMENT_TEAM = 792V77RLPU;
				PRODUCT_NAME = "$(TARGET_NAME)";
			};
			name = Release;
		};
/* End XCBuildConfiguration section */

/* Begin XCConfigurationList section */
		B604348A2294A4B500DB22F1 /* Build configuration list for PBXProject "CacheSim" */ = {
			isa = XCConfigurationList;
			buildConfigurations = (
				B60434942294A4B500DB22F1 /* Debug */,
				B60434952294A4B500DB22F1 /* Release */,
			);
			defaultConfigurationIsVisible = 0;
			defaultConfigurationName = Release;
		};
		B60434962294A4B500DB22F1 /* Build configuration list for PBXNativeTarget "CacheSim" */ = {
			isa = XCConfigurationList;
			buildConfigurations = (
				B60434972294A4B500DB22F1 /* Debug */,
				B60434982294A4B500DB22F1 /* Release */,
			);
			defaultConfigurationIsVisible = 0;
			defaultConfigurationName = Release;
		};
/* End XCConfigurationList section */
	};
	rootObject = B60434872294A4B500DB22F1 /* Project object */;
}
